
Microsoft Visual Studio Solution File, Format Version 12.00
# Visual Studio Version 17
VisualStudioVersion = 17.0.31903.59
MinimumVisualStudioVersion = 10.0.40219.1
Project("{9A19103F-16F7-4668-BE54-9A1E7A4F7556}") = "Casgem_APILayer", "Casgem_APILayer\Casgem_APILayer.csproj", "{51724840-8049-4A21-B4C3-3381A0CCA08C}"
EndProject
Project("{9A19103F-16F7-4668-BE54-9A1E7A4F7556}") = "Casgem_BusinessLayer", "Casgem_BusinessLayer\Casgem_BusinessLayer.csproj", "{AE004DD5-74C3-4274-AFB4-2150BE0F7408}"
EndProject
Project("{9A19103F-16F7-4668-BE54-9A1E7A4F7556}") = "Casgem_DataAccessLayer", "Casgem_DataAccessLayer\Casgem_DataAccessLayer.csproj", "{88991409-7B8D-4956-B17B-FB2C38A52CAD}"
EndProject
Project("{9A19103F-16F7-4668-BE54-9A1E7A4F7556}") = "Casgem_DTOLayer", "Casgem_DTOLayer\Casgem_DTOLayer.csproj", "{70D76102-2FEE-4A1F-9DDB-B41D8A7786BA}"
EndProject
Project("{9A19103F-16F7-4668-BE54-9A1E7A4F7556}") = "Casgem_EntityLayer", "Casgem_EntityLayer\Casgem_EntityLayer.csproj", "{BC99F773-CDEF-4926-B535-1B7288128634}"
EndProject
Project("{FAE04EC0-301F-11D3-BF4B-00C04F79EFBC}") = "Casgem_CoreLayer", "Casgem_CoreLayer\Casgem_CoreLayer.csproj", "{DF447319-25E9-472D-AA66-440B28ED8CC0}"
EndProject
Global
	GlobalSection(SolutionConfigurationPlatforms) = preSolution
		Debug|Any CPU = Debug|Any CPU
		Release|Any CPU = Release|Any CPU
	EndGlobalSection
	GlobalSection(ProjectConfigurationPlatforms) = postSolution
		{51724840-8049-4A21-B4C3-3381A0CCA08C}.Debug|Any CPU.ActiveCfg = Debug|Any CPU
		{51724840-8049-4A21-B4C3-3381A0CCA08C}.Debug|Any CPU.Build.0 = Debug|Any CPU
		{51724840-8049-4A21-B4C3-3381A0CCA08C}.Release|Any CPU.ActiveCfg = Release|Any CPU
		{51724840-8049-4A21-B4C3-3381A0CCA08C}.Release|Any CPU.Build.0 = Release|Any CPU
		{AE004DD5-74C3-4274-AFB4-2150BE0F7408}.Debug|Any CPU.ActiveCfg = Debug|Any CPU
		{AE004DD5-74C3-4274-AFB4-2150BE0F7408}.Debug|Any CPU.Build.0 = Debug|Any CPU
		{AE004DD5-74C3-4274-AFB4-2150BE0F7408}.Release|Any CPU.ActiveCfg = Release|Any CPU
		{AE004DD5-74C3-4274-AFB4-2150BE0F7408}.Release|Any CPU.Build.0 = Release|Any CPU
		{88991409-7B8D-4956-B17B-FB2C38A52CAD}.Debug|Any CPU.ActiveCfg = Debug|Any CPU
		{88991409-7B8D-4956-B17B-FB2C38A52CAD}.Debug|Any CPU.Build.0 = Debug|Any CPU
		{88991409-7B8D-4956-B17B-FB2C38A52CAD}.Release|Any CPU.ActiveCfg = Release|Any CPU
		{88991409-7B8D-4956-B17B-FB2C38A52CAD}.Release|Any CPU.Build.0 = Release|Any CPU
		{70D76102-2FEE-4A1F-9DDB-B41D8A7786BA}.Debug|Any CPU.ActiveCfg = Debug|Any CPU
		{70D76102-2FEE-4A1F-9DDB-B41D8A7786BA}.Debug|Any CPU.Build.0 = Debug|Any CPU
		{70D76102-2FEE-4A1F-9DDB-B41D8A7786BA}.Release|Any CPU.ActiveCfg = Release|Any CPU
		{70D76102-2FEE-4A1F-9DDB-B41D8A7786BA}.Release|Any CPU.Build.0 = Release|Any CPU
		{BC99F773-CDEF-4926-B535-1B7288128634}.Debug|Any CPU.ActiveCfg = Debug|Any CPU
		{BC99F773-CDEF-4926-B535-1B7288128634}.Debug|Any CPU.Build.0 = Debug|Any CPU
		{BC99F773-CDEF-4926-B535-1B7288128634}.Release|Any CPU.ActiveCfg = Release|Any CPU
		{BC99F773-CDEF-4926-B535-1B7288128634}.Release|Any CPU.Build.0 = Release|Any CPU
		{DF447319-25E9-472D-AA66-440B28ED8CC0}.Debug|Any CPU.ActiveCfg = Debug|Any CPU
		{DF447319-25E9-472D-AA66-440B28ED8CC0}.Debug|Any CPU.Build.0 = Debug|Any CPU
		{DF447319-25E9-472D-AA66-440B28ED8CC0}.Release|Any CPU.ActiveCfg = Release|Any CPU
		{DF447319-25E9-472D-AA66-440B28ED8CC0}.Release|Any CPU.Build.0 = Release|Any CPU
	EndGlobalSection
	GlobalSection(SolutionProperties) = preSolution
		HideSolutionNode = FALSE
	EndGlobalSection
	GlobalSection(ExtensibilityGlobals) = postSolution
		SolutionGuid = {FBB0657D-83DD-46C7-946E-B8EF938F3C0C}
	EndGlobalSection
EndGlobal
